
Microsoft Visual Studio Solution File, Format Version 12.00
# Visual Studio Version 17
VisualStudioVersion = 17.7.34024.191
MinimumVisualStudioVersion = 10.0.40219.1
Project("{FAE04EC0-301F-11D3-BF4B-00C04F79EFBC}") = "Yeat Downloader", "Silly cat download\Yeat Downloader.csproj", "{F52C7016-2189-4C1C-8B53-904CEBF2AE05}"
EndProject
Global
	GlobalSection(SolutionConfigurationPlatforms) = preSolution
		Debug|Any CPU = Debug|Any CPU
		Release|Any CPU = Release|Any CPU
	EndGlobalSection
	GlobalSection(ProjectConfigurationPlatforms) = postSolution
		{F52C7016-2189-4C1C-8B53-904CEBF2AE05}.Debug|Any CPU.ActiveCfg = Debug|Any CPU
		{F52C7016-2189-4C1C-8B53-904CEBF2AE05}.Debug|Any CPU.Build.0 = Debug|Any CPU
		{F52C7016-2189-4C1C-8B53-904CEBF2AE05}.Release|Any CPU.ActiveCfg = Release|Any CPU
		{F52C7016-2189-4C1C-8B53-904CEBF2AE05}.Release|Any CPU.Build.0 = Release|Any CPU
	EndGlobalSection
	GlobalSection(SolutionProperties) = preSolution
		HideSolutionNode = FALSE
	EndGlobalSection
	GlobalSection(ExtensibilityGlobals) = postSolution
		SolutionGuid = {462C59D9-E097-4094-B9E6-C557129DBC09}
	EndGlobalSection
EndGlobal
